
Microsoft Visual Studio Solution File, Format Version 12.00
# Visual Studio 15
Project("{FAE04EC0-301F-11D3-BF4B-00C04F79EFBC}") = "Assembly-CSharp", "Assembly-CSharp.csproj", "{0951B3BD-AE57-5274-F87A-55328EF74503}"
EndProject
Project("{FAE04EC0-301F-11D3-BF4B-00C04F79EFBC}") = "Assembly-CSharp-Editor", "Assembly-CSharp-Editor.csproj", "{AA966991-8416-65ED-B50B-66C16A2AAECF}"
EndProject
Global
	GlobalSection(SolutionConfigurationPlatforms) = preSolution
		Debug|Any CPU = Debug|Any CPU
		Release|Any CPU = Release|Any CPU
	EndGlobalSection
	GlobalSection(ProjectConfigurationPlatforms) = postSolution
		{0951B3BD-AE57-5274-F87A-55328EF74503}.Debug|Any CPU.ActiveCfg = Debug|Any CPU
		{0951B3BD-AE57-5274-F87A-55328EF74503}.Debug|Any CPU.Build.0 = Debug|Any CPU
		{0951B3BD-AE57-5274-F87A-55328EF74503}.Release|Any CPU.ActiveCfg = Release|Any CPU
		{0951B3BD-AE57-5274-F87A-55328EF74503}.Release|Any CPU.Build.0 = Release|Any CPU
		{AA966991-8416-65ED-B50B-66C16A2AAECF}.Debug|Any CPU.ActiveCfg = Debug|Any CPU
		{AA966991-8416-65ED-B50B-66C16A2AAECF}.Debug|Any CPU.Build.0 = Debug|Any CPU
		{AA966991-8416-65ED-B50B-66C16A2AAECF}.Release|Any CPU.ActiveCfg = Release|Any CPU
		{AA966991-8416-65ED-B50B-66C16A2AAECF}.Release|Any CPU.Build.0 = Release|Any CPU
	EndGlobalSection
	GlobalSection(SolutionProperties) = preSolution
		HideSolutionNode = FALSE
	EndGlobalSection
EndGlobal
